
Microsoft Visual Studio Solution File, Format Version 12.00
# Visual Studio Version 16
VisualStudioVersion = 16.0.31205.134
MinimumVisualStudioVersion = 10.0.40219.1
Project("{FAE04EC0-301F-11D3-BF4B-00C04F79EFBC}") = "TheBookHunter", "TheBookHunter\TheBookHunter.csproj", "{C3B66FFF-AE6E-4510-8982-6C2DEF517B52}"
EndProject
Global
	GlobalSection(SolutionConfigurationPlatforms) = preSolution
		Debug|Any CPU = Debug|Any CPU
		Release|Any CPU = Release|Any CPU
	EndGlobalSection
	GlobalSection(ProjectConfigurationPlatforms) = postSolution
		{C3B66FFF-AE6E-4510-8982-6C2DEF517B52}.Debug|Any CPU.ActiveCfg = Debug|Any CPU
		{C3B66FFF-AE6E-4510-8982-6C2DEF517B52}.Debug|Any CPU.Build.0 = Debug|Any CPU
		{C3B66FFF-AE6E-4510-8982-6C2DEF517B52}.Release|Any CPU.ActiveCfg = Release|Any CPU
		{C3B66FFF-AE6E-4510-8982-6C2DEF517B52}.Release|Any CPU.Build.0 = Release|Any CPU
	EndGlobalSection
	GlobalSection(SolutionProperties) = preSolution
		HideSolutionNode = FALSE
	EndGlobalSection
	GlobalSection(ExtensibilityGlobals) = postSolution
		SolutionGuid = {AF8AB455-9D0A-4B1A-A80D-CE378AF22F76}
	EndGlobalSection
EndGlobal
